
Microsoft Visual Studio Solution File, Format Version 12.00
# Visual Studio Version 16
VisualStudioVersion = 16.0.29424.173
MinimumVisualStudioVersion = 10.0.40219.1
Project("{9A19103F-16F7-4668-BE54-9A1E7A4F7556}") = "Caesar", "Caesar\Caesar.csproj", "{BF8F9674-A386-4549-8AC9-6EDA3B8652C3}"
EndProject
Global
	GlobalSection(SolutionConfigurationPlatforms) = preSolution
		Debug|Any CPU = Debug|Any CPU
		Release|Any CPU = Release|Any CPU
	EndGlobalSection
	GlobalSection(ProjectConfigurationPlatforms) = postSolution
		{BF8F9674-A386-4549-8AC9-6EDA3B8652C3}.Debug|Any CPU.ActiveCfg = Debug|Any CPU
		{BF8F9674-A386-4549-8AC9-6EDA3B8652C3}.Debug|Any CPU.Build.0 = Debug|Any CPU
		{BF8F9674-A386-4549-8AC9-6EDA3B8652C3}.Release|Any CPU.ActiveCfg = Release|Any CPU
		{BF8F9674-A386-4549-8AC9-6EDA3B8652C3}.Release|Any CPU.Build.0 = Release|Any CPU
	EndGlobalSection
	GlobalSection(SolutionProperties) = preSolution
		HideSolutionNode = FALSE
	EndGlobalSection
	GlobalSection(ExtensibilityGlobals) = postSolution
		SolutionGuid = {CB4CD1D6-69B7-4E18-9D36-E21DA9DFD66E}
	EndGlobalSection
EndGlobal
